
Microsoft Visual Studio Solution File, Format Version 12.00
# Visual Studio 2012
Project("{FAE04EC0-301F-11D3-BF4B-00C04F79EFBC}") = "CrittercismWP8TestApplication", "CrittercismWP8TestApplication\CrittercismWP8TestApplication.csproj", "{28A67CFA-DAAF-4040-AB29-2C55B91989BB}"
EndProject
Project("{FAE04EC0-301F-11D3-BF4B-00C04F79EFBC}") = "CrittercismWP8SDK", "CrittercismWP8SDK\CrittercismWP8SDK.csproj", "{B880017A-2B87-41DA-B834-BC3D188231E2}"
EndProject
Project("{FAE04EC0-301F-11D3-BF4B-00C04F79EFBC}") = "TestPhoneApp", "TestPhoneApp\TestPhoneApp.csproj", "{F704E879-6E9D-47BB-BCF0-15C655E03CEC}"
EndProject
Global
	GlobalSection(TeamFoundationVersionControl) = preSolution
		SccNumberOfProjects = 4
		SccEnterpriseProvider = {4CA58AB2-18FA-4F8D-95D4-32DDF27D184C}
		SccTeamFoundationServer = http://190.241.191.74:8080/tfs/defaultcollection
		SccLocalPath0 = .
		SccProjectUniqueName1 = CrittercismWP8TestApplication\\CrittercismWP8TestApplication.csproj
		SccProjectName1 = CrittercismWP8TestApplication
		SccLocalPath1 = CrittercismWP8TestApplication
		SccProjectUniqueName2 = CrittercismWP8SDK\\CrittercismWP8SDK.csproj
		SccProjectName2 = CrittercismWP8SDK
		SccLocalPath2 = CrittercismWP8SDK
		SccProjectUniqueName3 = TestPhoneApp\\TestPhoneApp.csproj
		SccProjectName3 = TestPhoneApp
		SccLocalPath3 = TestPhoneApp
	EndGlobalSection
	GlobalSection(SolutionConfigurationPlatforms) = preSolution
		Debug|Any CPU = Debug|Any CPU
		Debug|ARM = Debug|ARM
		Debug|x86 = Debug|x86
		Release|Any CPU = Release|Any CPU
		Release|ARM = Release|ARM
		Release|x86 = Release|x86
	EndGlobalSection
	GlobalSection(ProjectConfigurationPlatforms) = postSolution
		{28A67CFA-DAAF-4040-AB29-2C55B91989BB}.Debug|Any CPU.ActiveCfg = Debug|Any CPU
		{28A67CFA-DAAF-4040-AB29-2C55B91989BB}.Debug|Any CPU.Build.0 = Debug|Any CPU
		{28A67CFA-DAAF-4040-AB29-2C55B91989BB}.Debug|Any CPU.Deploy.0 = Debug|Any CPU
		{28A67CFA-DAAF-4040-AB29-2C55B91989BB}.Debug|ARM.ActiveCfg = Debug|ARM
		{28A67CFA-DAAF-4040-AB29-2C55B91989BB}.Debug|ARM.Build.0 = Debug|ARM
		{28A67CFA-DAAF-4040-AB29-2C55B91989BB}.Debug|ARM.Deploy.0 = Debug|ARM
		{28A67CFA-DAAF-4040-AB29-2C55B91989BB}.Debug|x86.ActiveCfg = Debug|x86
		{28A67CFA-DAAF-4040-AB29-2C55B91989BB}.Debug|x86.Build.0 = Debug|x86
		{28A67CFA-DAAF-4040-AB29-2C55B91989BB}.Debug|x86.Deploy.0 = Debug|x86
		{28A67CFA-DAAF-4040-AB29-2C55B91989BB}.Release|Any CPU.ActiveCfg = Release|Any CPU
		{28A67CFA-DAAF-4040-AB29-2C55B91989BB}.Release|Any CPU.Build.0 = Release|Any CPU
		{28A67CFA-DAAF-4040-AB29-2C55B91989BB}.Release|Any CPU.Deploy.0 = Release|Any CPU
		{28A67CFA-DAAF-4040-AB29-2C55B91989BB}.Release|ARM.ActiveCfg = Release|ARM
		{28A67CFA-DAAF-4040-AB29-2C55B91989BB}.Release|ARM.Build.0 = Release|ARM
		{28A67CFA-DAAF-4040-AB29-2C55B91989BB}.Release|ARM.Deploy.0 = Release|ARM
		{28A67CFA-DAAF-4040-AB29-2C55B91989BB}.Release|x86.ActiveCfg = Release|x86
		{28A67CFA-DAAF-4040-AB29-2C55B91989BB}.Release|x86.Build.0 = Release|x86
		{28A67CFA-DAAF-4040-AB29-2C55B91989BB}.Release|x86.Deploy.0 = Release|x86
		{B880017A-2B87-41DA-B834-BC3D188231E2}.Debug|Any CPU.ActiveCfg = Debug|Any CPU
		{B880017A-2B87-41DA-B834-BC3D188231E2}.Debug|Any CPU.Build.0 = Debug|Any CPU
		{B880017A-2B87-41DA-B834-BC3D188231E2}.Debug|ARM.ActiveCfg = Debug|ARM
		{B880017A-2B87-41DA-B834-BC3D188231E2}.Debug|ARM.Build.0 = Debug|ARM
		{B880017A-2B87-41DA-B834-BC3D188231E2}.Debug|x86.ActiveCfg = Debug|x86
		{B880017A-2B87-41DA-B834-BC3D188231E2}.Debug|x86.Build.0 = Debug|x86
		{B880017A-2B87-41DA-B834-BC3D188231E2}.Release|Any CPU.ActiveCfg = Release|Any CPU
		{B880017A-2B87-41DA-B834-BC3D188231E2}.Release|Any CPU.Build.0 = Release|Any CPU
		{B880017A-2B87-41DA-B834-BC3D188231E2}.Release|ARM.ActiveCfg = Release|ARM
		{B880017A-2B87-41DA-B834-BC3D188231E2}.Release|ARM.Build.0 = Release|ARM
		{B880017A-2B87-41DA-B834-BC3D188231E2}.Release|x86.ActiveCfg = Release|x86
		{B880017A-2B87-41DA-B834-BC3D188231E2}.Release|x86.Build.0 = Release|x86
		{F704E879-6E9D-47BB-BCF0-15C655E03CEC}.Debug|Any CPU.ActiveCfg = Debug|Any CPU
		{F704E879-6E9D-47BB-BCF0-15C655E03CEC}.Debug|Any CPU.Build.0 = Debug|Any CPU
		{F704E879-6E9D-47BB-BCF0-15C655E03CEC}.Debug|Any CPU.Deploy.0 = Debug|Any CPU
		{F704E879-6E9D-47BB-BCF0-15C655E03CEC}.Debug|ARM.ActiveCfg = Debug|ARM
		{F704E879-6E9D-47BB-BCF0-15C655E03CEC}.Debug|ARM.Build.0 = Debug|ARM
		{F704E879-6E9D-47BB-BCF0-15C655E03CEC}.Debug|ARM.Deploy.0 = Debug|ARM
		{F704E879-6E9D-47BB-BCF0-15C655E03CEC}.Debug|x86.ActiveCfg = Debug|x86
		{F704E879-6E9D-47BB-BCF0-15C655E03CEC}.Debug|x86.Build.0 = Debug|x86
		{F704E879-6E9D-47BB-BCF0-15C655E03CEC}.Debug|x86.Deploy.0 = Debug|x86
		{F704E879-6E9D-47BB-BCF0-15C655E03CEC}.Release|Any CPU.ActiveCfg = Release|Any CPU
		{F704E879-6E9D-47BB-BCF0-15C655E03CEC}.Release|Any CPU.Build.0 = Release|Any CPU
		{F704E879-6E9D-47BB-BCF0-15C655E03CEC}.Release|Any CPU.Deploy.0 = Release|Any CPU
		{F704E879-6E9D-47BB-BCF0-15C655E03CEC}.Release|ARM.ActiveCfg = Release|ARM
		{F704E879-6E9D-47BB-BCF0-15C655E03CEC}.Release|ARM.Build.0 = Release|ARM
		{F704E879-6E9D-47BB-BCF0-15C655E03CEC}.Release|ARM.Deploy.0 = Release|ARM
		{F704E879-6E9D-47BB-BCF0-15C655E03CEC}.Release|x86.ActiveCfg = Release|x86
		{F704E879-6E9D-47BB-BCF0-15C655E03CEC}.Release|x86.Build.0 = Release|x86
		{F704E879-6E9D-47BB-BCF0-15C655E03CEC}.Release|x86.Deploy.0 = Release|x86
	EndGlobalSection
	GlobalSection(SolutionProperties) = preSolution
		HideSolutionNode = FALSE
	EndGlobalSection
EndGlobal
