
Microsoft Visual Studio Solution File, Format Version 12.00
# Visual Studio 2012
Project("{FAE04EC0-301F-11D3-BF4B-00C04F79EFBC}") = "CrittercismWinRTSDK", "CrittercismWinRTSDK\CrittercismWinRTSDK.csproj", "{30851CE7-65E9-4743-9476-39A6049D5B08}"
EndProject
Project("{FAE04EC0-301F-11D3-BF4B-00C04F79EFBC}") = "CrittercismWinRTTestApplication", "CrittercismWinRTTestApplication\CrittercismWinRTTestApplication.csproj", "{24EAEE91-735A-4042-BEAD-1B5EBC422D91}"
EndProject
Project("{FAE04EC0-301F-11D3-BF4B-00C04F79EFBC}") = "WinRTUnitTestApp", "WinRTUnitTestApp\WinRTUnitTestApp.csproj", "{09CE40A1-A7A9-4C62-8D12-1526323873C0}"
EndProject
Global
	GlobalSection(SolutionConfigurationPlatforms) = preSolution
		Debug|Any CPU = Debug|Any CPU
		Debug|ARM = Debug|ARM
		Debug|x64 = Debug|x64
		Debug|x86 = Debug|x86
		Release|Any CPU = Release|Any CPU
		Release|ARM = Release|ARM
		Release|x64 = Release|x64
		Release|x86 = Release|x86
	EndGlobalSection
	GlobalSection(ProjectConfigurationPlatforms) = postSolution
		{30851CE7-65E9-4743-9476-39A6049D5B08}.Debug|Any CPU.ActiveCfg = Debug|Any CPU
		{30851CE7-65E9-4743-9476-39A6049D5B08}.Debug|Any CPU.Build.0 = Debug|Any CPU
		{30851CE7-65E9-4743-9476-39A6049D5B08}.Debug|ARM.ActiveCfg = Debug|ARM
		{30851CE7-65E9-4743-9476-39A6049D5B08}.Debug|ARM.Build.0 = Debug|ARM
		{30851CE7-65E9-4743-9476-39A6049D5B08}.Debug|x64.ActiveCfg = Debug|x64
		{30851CE7-65E9-4743-9476-39A6049D5B08}.Debug|x64.Build.0 = Debug|x64
		{30851CE7-65E9-4743-9476-39A6049D5B08}.Debug|x86.ActiveCfg = Debug|x86
		{30851CE7-65E9-4743-9476-39A6049D5B08}.Debug|x86.Build.0 = Debug|x86
		{30851CE7-65E9-4743-9476-39A6049D5B08}.Release|Any CPU.ActiveCfg = Release|Any CPU
		{30851CE7-65E9-4743-9476-39A6049D5B08}.Release|Any CPU.Build.0 = Release|Any CPU
		{30851CE7-65E9-4743-9476-39A6049D5B08}.Release|ARM.ActiveCfg = Release|ARM
		{30851CE7-65E9-4743-9476-39A6049D5B08}.Release|ARM.Build.0 = Release|ARM
		{30851CE7-65E9-4743-9476-39A6049D5B08}.Release|x64.ActiveCfg = Release|x64
		{30851CE7-65E9-4743-9476-39A6049D5B08}.Release|x64.Build.0 = Release|x64
		{30851CE7-65E9-4743-9476-39A6049D5B08}.Release|x86.ActiveCfg = Release|x86
		{30851CE7-65E9-4743-9476-39A6049D5B08}.Release|x86.Build.0 = Release|x86
		{24EAEE91-735A-4042-BEAD-1B5EBC422D91}.Debug|Any CPU.ActiveCfg = Debug|Any CPU
		{24EAEE91-735A-4042-BEAD-1B5EBC422D91}.Debug|Any CPU.Build.0 = Debug|Any CPU
		{24EAEE91-735A-4042-BEAD-1B5EBC422D91}.Debug|Any CPU.Deploy.0 = Debug|Any CPU
		{24EAEE91-735A-4042-BEAD-1B5EBC422D91}.Debug|ARM.ActiveCfg = Debug|ARM
		{24EAEE91-735A-4042-BEAD-1B5EBC422D91}.Debug|ARM.Build.0 = Debug|ARM
		{24EAEE91-735A-4042-BEAD-1B5EBC422D91}.Debug|ARM.Deploy.0 = Debug|ARM
		{24EAEE91-735A-4042-BEAD-1B5EBC422D91}.Debug|x64.ActiveCfg = Debug|x64
		{24EAEE91-735A-4042-BEAD-1B5EBC422D91}.Debug|x64.Build.0 = Debug|x64
		{24EAEE91-735A-4042-BEAD-1B5EBC422D91}.Debug|x64.Deploy.0 = Debug|x64
		{24EAEE91-735A-4042-BEAD-1B5EBC422D91}.Debug|x86.ActiveCfg = Debug|x86
		{24EAEE91-735A-4042-BEAD-1B5EBC422D91}.Debug|x86.Build.0 = Debug|x86
		{24EAEE91-735A-4042-BEAD-1B5EBC422D91}.Debug|x86.Deploy.0 = Debug|x86
		{24EAEE91-735A-4042-BEAD-1B5EBC422D91}.Release|Any CPU.ActiveCfg = Release|Any CPU
		{24EAEE91-735A-4042-BEAD-1B5EBC422D91}.Release|Any CPU.Build.0 = Release|Any CPU
		{24EAEE91-735A-4042-BEAD-1B5EBC422D91}.Release|Any CPU.Deploy.0 = Release|Any CPU
		{24EAEE91-735A-4042-BEAD-1B5EBC422D91}.Release|ARM.ActiveCfg = Release|ARM
		{24EAEE91-735A-4042-BEAD-1B5EBC422D91}.Release|ARM.Build.0 = Release|ARM
		{24EAEE91-735A-4042-BEAD-1B5EBC422D91}.Release|ARM.Deploy.0 = Release|ARM
		{24EAEE91-735A-4042-BEAD-1B5EBC422D91}.Release|x64.ActiveCfg = Release|x64
		{24EAEE91-735A-4042-BEAD-1B5EBC422D91}.Release|x64.Build.0 = Release|x64
		{24EAEE91-735A-4042-BEAD-1B5EBC422D91}.Release|x64.Deploy.0 = Release|x64
		{24EAEE91-735A-4042-BEAD-1B5EBC422D91}.Release|x86.ActiveCfg = Release|x86
		{24EAEE91-735A-4042-BEAD-1B5EBC422D91}.Release|x86.Build.0 = Release|x86
		{24EAEE91-735A-4042-BEAD-1B5EBC422D91}.Release|x86.Deploy.0 = Release|x86
		{09CE40A1-A7A9-4C62-8D12-1526323873C0}.Debug|Any CPU.ActiveCfg = Debug|Any CPU
		{09CE40A1-A7A9-4C62-8D12-1526323873C0}.Debug|Any CPU.Build.0 = Debug|Any CPU
		{09CE40A1-A7A9-4C62-8D12-1526323873C0}.Debug|Any CPU.Deploy.0 = Debug|Any CPU
		{09CE40A1-A7A9-4C62-8D12-1526323873C0}.Debug|ARM.ActiveCfg = Debug|ARM
		{09CE40A1-A7A9-4C62-8D12-1526323873C0}.Debug|ARM.Build.0 = Debug|ARM
		{09CE40A1-A7A9-4C62-8D12-1526323873C0}.Debug|ARM.Deploy.0 = Debug|ARM
		{09CE40A1-A7A9-4C62-8D12-1526323873C0}.Debug|x64.ActiveCfg = Debug|x64
		{09CE40A1-A7A9-4C62-8D12-1526323873C0}.Debug|x64.Build.0 = Debug|x64
		{09CE40A1-A7A9-4C62-8D12-1526323873C0}.Debug|x64.Deploy.0 = Debug|x64
		{09CE40A1-A7A9-4C62-8D12-1526323873C0}.Debug|x86.ActiveCfg = Debug|x86
		{09CE40A1-A7A9-4C62-8D12-1526323873C0}.Debug|x86.Build.0 = Debug|x86
		{09CE40A1-A7A9-4C62-8D12-1526323873C0}.Debug|x86.Deploy.0 = Debug|x86
		{09CE40A1-A7A9-4C62-8D12-1526323873C0}.Release|Any CPU.ActiveCfg = Release|Any CPU
		{09CE40A1-A7A9-4C62-8D12-1526323873C0}.Release|Any CPU.Build.0 = Release|Any CPU
		{09CE40A1-A7A9-4C62-8D12-1526323873C0}.Release|Any CPU.Deploy.0 = Release|Any CPU
		{09CE40A1-A7A9-4C62-8D12-1526323873C0}.Release|ARM.ActiveCfg = Release|ARM
		{09CE40A1-A7A9-4C62-8D12-1526323873C0}.Release|ARM.Build.0 = Release|ARM
		{09CE40A1-A7A9-4C62-8D12-1526323873C0}.Release|ARM.Deploy.0 = Release|ARM
		{09CE40A1-A7A9-4C62-8D12-1526323873C0}.Release|x64.ActiveCfg = Release|x64
		{09CE40A1-A7A9-4C62-8D12-1526323873C0}.Release|x64.Build.0 = Release|x64
		{09CE40A1-A7A9-4C62-8D12-1526323873C0}.Release|x64.Deploy.0 = Release|x64
		{09CE40A1-A7A9-4C62-8D12-1526323873C0}.Release|x86.ActiveCfg = Release|x86
		{09CE40A1-A7A9-4C62-8D12-1526323873C0}.Release|x86.Build.0 = Release|x86
		{09CE40A1-A7A9-4C62-8D12-1526323873C0}.Release|x86.Deploy.0 = Release|x86
	EndGlobalSection
	GlobalSection(SolutionProperties) = preSolution
		HideSolutionNode = FALSE
	EndGlobalSection
EndGlobal
